
Microsoft Visual Studio Solution File, Format Version 12.00
# Visual Studio Version 17
VisualStudioVersion = 17.14.36310.24
MinimumVisualStudioVersion = 10.0.40219.1
Project("{FAE04EC0-301F-11D3-BF4B-00C04F79EFBC}") = "AIAgents.Laboratory.API", "AIAgents.Laboratory.API\AIAgents.Laboratory.API.csproj", "{0EC28386-115D-4B24-8A01-FBE21B360894}"
EndProject
Project("{2150E333-8FDC-42A3-9474-1A3956D46DE8}") = "Solution Items", "Solution Items", "{8EC462FD-D22E-90A8-E5CE-7E832BA40C5D}"
	ProjectSection(SolutionItems) = preProject
		.gitignore = .gitignore
	EndProjectSection
EndProject
Project("{2150E333-8FDC-42A3-9474-1A3956D46DE8}") = "Adapters", "Adapters", "{D52AF77B-723B-43C6-911E-05DB4387462A}"
EndProject
Project("{FAE04EC0-301F-11D3-BF4B-00C04F79EFBC}") = "AIAgents.Laboratory.Agents.Adapters", "Adapters\AIAgents.Laboratory.Adapters.Agents\AIAgents.Laboratory.Agents.Adapters.csproj", "{E3121AA2-5F8B-C50C-3484-FE72140080F3}"
EndProject
Project("{2150E333-8FDC-42A3-9474-1A3956D46DE8}") = "Core", "Core", "{02EA681E-C7D8-13C7-8484-4AC65E1B71E8}"
EndProject
Project("{FAE04EC0-301F-11D3-BF4B-00C04F79EFBC}") = "AIAgents.Laboratory.Domain", "Core\AIAgents.Laboratory.Domain\AIAgents.Laboratory.Domain.csproj", "{D233D728-3D2A-60BC-55B5-73BC1F83A617}"
EndProject
Project("{FAE04EC0-301F-11D3-BF4B-00C04F79EFBC}") = "AIAgents.Laboratory.API.Adapters", "Adapters\AIAgents.Laboratory.API.Adapters\AIAgents.Laboratory.API.Adapters.csproj", "{E60C19CE-5B6D-80A1-A9B3-F154AEFD59FB}"
EndProject
Project("{FAE04EC0-301F-11D3-BF4B-00C04F79EFBC}") = "AIAgents.Laboratory.Messaging.Adapters", "Adapters\AIAgents.Laboratory.Messaging.Adapters\AIAgents.Laboratory.Messaging.Adapters.csproj", "{64ECA9FF-1BD7-437E-9071-2B4A15F84A8B}"
EndProject
Global
	GlobalSection(SolutionConfigurationPlatforms) = preSolution
		Debug|Any CPU = Debug|Any CPU
		Release|Any CPU = Release|Any CPU
	EndGlobalSection
	GlobalSection(ProjectConfigurationPlatforms) = postSolution
		{0EC28386-115D-4B24-8A01-FBE21B360894}.Debug|Any CPU.ActiveCfg = Debug|Any CPU
		{0EC28386-115D-4B24-8A01-FBE21B360894}.Debug|Any CPU.Build.0 = Debug|Any CPU
		{0EC28386-115D-4B24-8A01-FBE21B360894}.Release|Any CPU.ActiveCfg = Release|Any CPU
		{0EC28386-115D-4B24-8A01-FBE21B360894}.Release|Any CPU.Build.0 = Release|Any CPU
		{E3121AA2-5F8B-C50C-3484-FE72140080F3}.Debug|Any CPU.ActiveCfg = Debug|Any CPU
		{E3121AA2-5F8B-C50C-3484-FE72140080F3}.Debug|Any CPU.Build.0 = Debug|Any CPU
		{E3121AA2-5F8B-C50C-3484-FE72140080F3}.Release|Any CPU.ActiveCfg = Release|Any CPU
		{E3121AA2-5F8B-C50C-3484-FE72140080F3}.Release|Any CPU.Build.0 = Release|Any CPU
		{D233D728-3D2A-60BC-55B5-73BC1F83A617}.Debug|Any CPU.ActiveCfg = Debug|Any CPU
		{D233D728-3D2A-60BC-55B5-73BC1F83A617}.Debug|Any CPU.Build.0 = Debug|Any CPU
		{D233D728-3D2A-60BC-55B5-73BC1F83A617}.Release|Any CPU.ActiveCfg = Release|Any CPU
		{D233D728-3D2A-60BC-55B5-73BC1F83A617}.Release|Any CPU.Build.0 = Release|Any CPU
		{E60C19CE-5B6D-80A1-A9B3-F154AEFD59FB}.Debug|Any CPU.ActiveCfg = Debug|Any CPU
		{E60C19CE-5B6D-80A1-A9B3-F154AEFD59FB}.Debug|Any CPU.Build.0 = Debug|Any CPU
		{E60C19CE-5B6D-80A1-A9B3-F154AEFD59FB}.Release|Any CPU.ActiveCfg = Release|Any CPU
		{E60C19CE-5B6D-80A1-A9B3-F154AEFD59FB}.Release|Any CPU.Build.0 = Release|Any CPU
		{64ECA9FF-1BD7-437E-9071-2B4A15F84A8B}.Debug|Any CPU.ActiveCfg = Debug|Any CPU
		{64ECA9FF-1BD7-437E-9071-2B4A15F84A8B}.Debug|Any CPU.Build.0 = Debug|Any CPU
		{64ECA9FF-1BD7-437E-9071-2B4A15F84A8B}.Release|Any CPU.ActiveCfg = Release|Any CPU
		{64ECA9FF-1BD7-437E-9071-2B4A15F84A8B}.Release|Any CPU.Build.0 = Release|Any CPU
	EndGlobalSection
	GlobalSection(SolutionProperties) = preSolution
		HideSolutionNode = FALSE
	EndGlobalSection
	GlobalSection(NestedProjects) = preSolution
		{E3121AA2-5F8B-C50C-3484-FE72140080F3} = {D52AF77B-723B-43C6-911E-05DB4387462A}
		{D233D728-3D2A-60BC-55B5-73BC1F83A617} = {02EA681E-C7D8-13C7-8484-4AC65E1B71E8}
		{E60C19CE-5B6D-80A1-A9B3-F154AEFD59FB} = {D52AF77B-723B-43C6-911E-05DB4387462A}
		{64ECA9FF-1BD7-437E-9071-2B4A15F84A8B} = {D52AF77B-723B-43C6-911E-05DB4387462A}
	EndGlobalSection
	GlobalSection(ExtensibilityGlobals) = postSolution
		SolutionGuid = {D6B93BAE-85C1-4545-A2FE-51E7BD4362FC}
	EndGlobalSection
EndGlobal
