
Microsoft Visual Studio Solution File, Format Version 12.00
# Visual Studio Version 18
VisualStudioVersion = 18.0.11205.157
MinimumVisualStudioVersion = 10.0.40219.1
Project("{2150E333-8FDC-42A3-9474-1A3956D46DE8}") = "Solution Items", "Solution Items", "{8EC462FD-D22E-90A8-E5CE-7E832BA40C5D}"
	ProjectSection(SolutionItems) = preProject
		.gitignore = .gitignore
		.github\workflows\deploy-azure.yml = .github\workflows\deploy-azure.yml
	EndProjectSection
EndProject
Project("{2150E333-8FDC-42A3-9474-1A3956D46DE8}") = "Adapters", "Adapters", "{D52AF77B-723B-43C6-911E-05DB4387462A}"
EndProject
Project("{2150E333-8FDC-42A3-9474-1A3956D46DE8}") = "Core", "Core", "{02EA681E-C7D8-13C7-8484-4AC65E1B71E8}"
EndProject
Project("{FAE04EC0-301F-11D3-BF4B-00C04F79EFBC}") = "AIAgents.Laboratory.API", "AIAgents.Laboratory.API\AIAgents.Laboratory.API.csproj", "{44E63D98-6401-2CEA-0B20-B37D22D4C43B}"
EndProject
Project("{FAE04EC0-301F-11D3-BF4B-00C04F79EFBC}") = "AIAgents.Laboratory.Domain", "Core\AIAgents.Laboratory.Domain\AIAgents.Laboratory.Domain.csproj", "{D233D728-3D2A-60BC-55B5-73BC1F83A617}"
EndProject
Project("{FAE04EC0-301F-11D3-BF4B-00C04F79EFBC}") = "AIAgents.Laboratory.Processor", "Core\AIAgents.Laboratory.Processor\AIAgents.Laboratory.Processor.csproj", "{E2FE36E9-4078-1825-1CFD-7503B8EBA461}"
EndProject
Project("{2150E333-8FDC-42A3-9474-1A3956D46DE8}") = "Storage", "Storage", "{79CC33AA-50EF-163B-228E-EA5F5773AE93}"
EndProject
Project("{2150E333-8FDC-42A3-9474-1A3956D46DE8}") = "Services", "Services", "{08F1E77A-DC0B-4764-B90C-91074F39B6F5}"
EndProject
Project("{FAE04EC0-301F-11D3-BF4B-00C04F79EFBC}") = "AIAgents.Laboratory.SemanticKernel.Adapters", "Adapters\Services\AIAgents.Laboratory.SemanticKernel.Adapters\AIAgents.Laboratory.SemanticKernel.Adapters.csproj", "{D153F985-C291-4298-A868-ADCA3ACB0DBC}"
EndProject
Project("{FAE04EC0-301F-11D3-BF4B-00C04F79EFBC}") = "AIAgents.Laboratory.Messaging.Adapters", "Adapters\Services\AIAgents.Laboratory.Messaging.Adapters\AIAgents.Laboratory.Messaging.Adapters.csproj", "{12989D0D-8339-4B3F-992B-68961AD1F139}"
EndProject
Project("{FAE04EC0-301F-11D3-BF4B-00C04F79EFBC}") = "AIAgents.Laboratory.API.Adapters", "Adapters\Services\AIAgents.Laboratory.API.Adapters\AIAgents.Laboratory.API.Adapters.csproj", "{F4E87C2A-1C34-4410-B8E0-1BCB744B184A}"
EndProject
Project("{FAE04EC0-301F-11D3-BF4B-00C04F79EFBC}") = "AIAgents.Laboratory.Persistence.SQLDatabase", "Adapters\Storage\AIAgents.Laboratory.Persistence.SQLDatabase\AIAgents.Laboratory.Persistence.SQLDatabase.csproj", "{236AAE8C-2EF4-4DFC-AA42-1905103510C7}"
EndProject
Project("{FAE04EC0-301F-11D3-BF4B-00C04F79EFBC}") = "AIAgents.Laboratory.Persistence.MongoDatabase", "Adapters\Storage\AIAgents.Laboratory.Persistence.MongoDatabase\AIAgents.Laboratory.Persistence.MongoDatabase.csproj", "{439801C5-A335-423A-843F-5F372360BDF6}"
EndProject
Project("{FAE04EC0-301F-11D3-BF4B-00C04F79EFBC}") = "AIAgents.Laboratory.Persistence.Caching", "Adapters\Storage\AIAgents.Laboratory.Persistence.Caching\AIAgents.Laboratory.Persistence.Caching.csproj", "{92BFD819-6721-44A7-B347-F9E96051CE57}"
EndProject
Project("{FAE04EC0-301F-11D3-BF4B-00C04F79EFBC}") = "AIAgents.Laboratory.Storage.Blobs", "Adapters\Storage\AIAgents.Laboratory.Storage.Blobs\AIAgents.Laboratory.Storage.Blobs.csproj", "{FC97C4E6-6644-4CAE-897D-AB7A02C03A58}"
EndProject
Global
	GlobalSection(SolutionConfigurationPlatforms) = preSolution
		Debug|Any CPU = Debug|Any CPU
		Debug|x64 = Debug|x64
		Debug|x86 = Debug|x86
		Release|Any CPU = Release|Any CPU
		Release|x64 = Release|x64
		Release|x86 = Release|x86
	EndGlobalSection
	GlobalSection(ProjectConfigurationPlatforms) = postSolution
		{44E63D98-6401-2CEA-0B20-B37D22D4C43B}.Debug|Any CPU.ActiveCfg = Debug|Any CPU
		{44E63D98-6401-2CEA-0B20-B37D22D4C43B}.Debug|Any CPU.Build.0 = Debug|Any CPU
		{44E63D98-6401-2CEA-0B20-B37D22D4C43B}.Debug|x64.ActiveCfg = Debug|Any CPU
		{44E63D98-6401-2CEA-0B20-B37D22D4C43B}.Debug|x64.Build.0 = Debug|Any CPU
		{44E63D98-6401-2CEA-0B20-B37D22D4C43B}.Debug|x86.ActiveCfg = Debug|Any CPU
		{44E63D98-6401-2CEA-0B20-B37D22D4C43B}.Debug|x86.Build.0 = Debug|Any CPU
		{44E63D98-6401-2CEA-0B20-B37D22D4C43B}.Release|Any CPU.ActiveCfg = Release|Any CPU
		{44E63D98-6401-2CEA-0B20-B37D22D4C43B}.Release|Any CPU.Build.0 = Release|Any CPU
		{44E63D98-6401-2CEA-0B20-B37D22D4C43B}.Release|x64.ActiveCfg = Release|Any CPU
		{44E63D98-6401-2CEA-0B20-B37D22D4C43B}.Release|x64.Build.0 = Release|Any CPU
		{44E63D98-6401-2CEA-0B20-B37D22D4C43B}.Release|x86.ActiveCfg = Release|Any CPU
		{44E63D98-6401-2CEA-0B20-B37D22D4C43B}.Release|x86.Build.0 = Release|Any CPU
		{D233D728-3D2A-60BC-55B5-73BC1F83A617}.Debug|Any CPU.ActiveCfg = Debug|Any CPU
		{D233D728-3D2A-60BC-55B5-73BC1F83A617}.Debug|Any CPU.Build.0 = Debug|Any CPU
		{D233D728-3D2A-60BC-55B5-73BC1F83A617}.Debug|x64.ActiveCfg = Debug|Any CPU
		{D233D728-3D2A-60BC-55B5-73BC1F83A617}.Debug|x64.Build.0 = Debug|Any CPU
		{D233D728-3D2A-60BC-55B5-73BC1F83A617}.Debug|x86.ActiveCfg = Debug|Any CPU
		{D233D728-3D2A-60BC-55B5-73BC1F83A617}.Debug|x86.Build.0 = Debug|Any CPU
		{D233D728-3D2A-60BC-55B5-73BC1F83A617}.Release|Any CPU.ActiveCfg = Release|Any CPU
		{D233D728-3D2A-60BC-55B5-73BC1F83A617}.Release|Any CPU.Build.0 = Release|Any CPU
		{D233D728-3D2A-60BC-55B5-73BC1F83A617}.Release|x64.ActiveCfg = Release|Any CPU
		{D233D728-3D2A-60BC-55B5-73BC1F83A617}.Release|x64.Build.0 = Release|Any CPU
		{D233D728-3D2A-60BC-55B5-73BC1F83A617}.Release|x86.ActiveCfg = Release|Any CPU
		{D233D728-3D2A-60BC-55B5-73BC1F83A617}.Release|x86.Build.0 = Release|Any CPU
		{E2FE36E9-4078-1825-1CFD-7503B8EBA461}.Debug|Any CPU.ActiveCfg = Debug|Any CPU
		{E2FE36E9-4078-1825-1CFD-7503B8EBA461}.Debug|Any CPU.Build.0 = Debug|Any CPU
		{E2FE36E9-4078-1825-1CFD-7503B8EBA461}.Debug|x64.ActiveCfg = Debug|Any CPU
		{E2FE36E9-4078-1825-1CFD-7503B8EBA461}.Debug|x64.Build.0 = Debug|Any CPU
		{E2FE36E9-4078-1825-1CFD-7503B8EBA461}.Debug|x86.ActiveCfg = Debug|Any CPU
		{E2FE36E9-4078-1825-1CFD-7503B8EBA461}.Debug|x86.Build.0 = Debug|Any CPU
		{E2FE36E9-4078-1825-1CFD-7503B8EBA461}.Release|Any CPU.ActiveCfg = Release|Any CPU
		{E2FE36E9-4078-1825-1CFD-7503B8EBA461}.Release|Any CPU.Build.0 = Release|Any CPU
		{E2FE36E9-4078-1825-1CFD-7503B8EBA461}.Release|x64.ActiveCfg = Release|Any CPU
		{E2FE36E9-4078-1825-1CFD-7503B8EBA461}.Release|x64.Build.0 = Release|Any CPU
		{E2FE36E9-4078-1825-1CFD-7503B8EBA461}.Release|x86.ActiveCfg = Release|Any CPU
		{E2FE36E9-4078-1825-1CFD-7503B8EBA461}.Release|x86.Build.0 = Release|Any CPU
		{D153F985-C291-4298-A868-ADCA3ACB0DBC}.Debug|Any CPU.ActiveCfg = Debug|Any CPU
		{D153F985-C291-4298-A868-ADCA3ACB0DBC}.Debug|Any CPU.Build.0 = Debug|Any CPU
		{D153F985-C291-4298-A868-ADCA3ACB0DBC}.Debug|x64.ActiveCfg = Debug|Any CPU
		{D153F985-C291-4298-A868-ADCA3ACB0DBC}.Debug|x64.Build.0 = Debug|Any CPU
		{D153F985-C291-4298-A868-ADCA3ACB0DBC}.Debug|x86.ActiveCfg = Debug|Any CPU
		{D153F985-C291-4298-A868-ADCA3ACB0DBC}.Debug|x86.Build.0 = Debug|Any CPU
		{D153F985-C291-4298-A868-ADCA3ACB0DBC}.Release|Any CPU.ActiveCfg = Release|Any CPU
		{D153F985-C291-4298-A868-ADCA3ACB0DBC}.Release|Any CPU.Build.0 = Release|Any CPU
		{D153F985-C291-4298-A868-ADCA3ACB0DBC}.Release|x64.ActiveCfg = Release|Any CPU
		{D153F985-C291-4298-A868-ADCA3ACB0DBC}.Release|x64.Build.0 = Release|Any CPU
		{D153F985-C291-4298-A868-ADCA3ACB0DBC}.Release|x86.ActiveCfg = Release|Any CPU
		{D153F985-C291-4298-A868-ADCA3ACB0DBC}.Release|x86.Build.0 = Release|Any CPU
		{12989D0D-8339-4B3F-992B-68961AD1F139}.Debug|Any CPU.ActiveCfg = Debug|Any CPU
		{12989D0D-8339-4B3F-992B-68961AD1F139}.Debug|Any CPU.Build.0 = Debug|Any CPU
		{12989D0D-8339-4B3F-992B-68961AD1F139}.Debug|x64.ActiveCfg = Debug|Any CPU
		{12989D0D-8339-4B3F-992B-68961AD1F139}.Debug|x64.Build.0 = Debug|Any CPU
		{12989D0D-8339-4B3F-992B-68961AD1F139}.Debug|x86.ActiveCfg = Debug|Any CPU
		{12989D0D-8339-4B3F-992B-68961AD1F139}.Debug|x86.Build.0 = Debug|Any CPU
		{12989D0D-8339-4B3F-992B-68961AD1F139}.Release|Any CPU.ActiveCfg = Release|Any CPU
		{12989D0D-8339-4B3F-992B-68961AD1F139}.Release|Any CPU.Build.0 = Release|Any CPU
		{12989D0D-8339-4B3F-992B-68961AD1F139}.Release|x64.ActiveCfg = Release|Any CPU
		{12989D0D-8339-4B3F-992B-68961AD1F139}.Release|x64.Build.0 = Release|Any CPU
		{12989D0D-8339-4B3F-992B-68961AD1F139}.Release|x86.ActiveCfg = Release|Any CPU
		{12989D0D-8339-4B3F-992B-68961AD1F139}.Release|x86.Build.0 = Release|Any CPU
		{F4E87C2A-1C34-4410-B8E0-1BCB744B184A}.Debug|Any CPU.ActiveCfg = Debug|Any CPU
		{F4E87C2A-1C34-4410-B8E0-1BCB744B184A}.Debug|Any CPU.Build.0 = Debug|Any CPU
		{F4E87C2A-1C34-4410-B8E0-1BCB744B184A}.Debug|x64.ActiveCfg = Debug|Any CPU
		{F4E87C2A-1C34-4410-B8E0-1BCB744B184A}.Debug|x64.Build.0 = Debug|Any CPU
		{F4E87C2A-1C34-4410-B8E0-1BCB744B184A}.Debug|x86.ActiveCfg = Debug|Any CPU
		{F4E87C2A-1C34-4410-B8E0-1BCB744B184A}.Debug|x86.Build.0 = Debug|Any CPU
		{F4E87C2A-1C34-4410-B8E0-1BCB744B184A}.Release|Any CPU.ActiveCfg = Release|Any CPU
		{F4E87C2A-1C34-4410-B8E0-1BCB744B184A}.Release|Any CPU.Build.0 = Release|Any CPU
		{F4E87C2A-1C34-4410-B8E0-1BCB744B184A}.Release|x64.ActiveCfg = Release|Any CPU
		{F4E87C2A-1C34-4410-B8E0-1BCB744B184A}.Release|x64.Build.0 = Release|Any CPU
		{F4E87C2A-1C34-4410-B8E0-1BCB744B184A}.Release|x86.ActiveCfg = Release|Any CPU
		{F4E87C2A-1C34-4410-B8E0-1BCB744B184A}.Release|x86.Build.0 = Release|Any CPU
		{236AAE8C-2EF4-4DFC-AA42-1905103510C7}.Debug|Any CPU.ActiveCfg = Debug|Any CPU
		{236AAE8C-2EF4-4DFC-AA42-1905103510C7}.Debug|Any CPU.Build.0 = Debug|Any CPU
		{236AAE8C-2EF4-4DFC-AA42-1905103510C7}.Debug|x64.ActiveCfg = Debug|Any CPU
		{236AAE8C-2EF4-4DFC-AA42-1905103510C7}.Debug|x64.Build.0 = Debug|Any CPU
		{236AAE8C-2EF4-4DFC-AA42-1905103510C7}.Debug|x86.ActiveCfg = Debug|Any CPU
		{236AAE8C-2EF4-4DFC-AA42-1905103510C7}.Debug|x86.Build.0 = Debug|Any CPU
		{236AAE8C-2EF4-4DFC-AA42-1905103510C7}.Release|Any CPU.ActiveCfg = Release|Any CPU
		{236AAE8C-2EF4-4DFC-AA42-1905103510C7}.Release|Any CPU.Build.0 = Release|Any CPU
		{236AAE8C-2EF4-4DFC-AA42-1905103510C7}.Release|x64.ActiveCfg = Release|Any CPU
		{236AAE8C-2EF4-4DFC-AA42-1905103510C7}.Release|x64.Build.0 = Release|Any CPU
		{236AAE8C-2EF4-4DFC-AA42-1905103510C7}.Release|x86.ActiveCfg = Release|Any CPU
		{236AAE8C-2EF4-4DFC-AA42-1905103510C7}.Release|x86.Build.0 = Release|Any CPU
		{439801C5-A335-423A-843F-5F372360BDF6}.Debug|Any CPU.ActiveCfg = Debug|Any CPU
		{439801C5-A335-423A-843F-5F372360BDF6}.Debug|Any CPU.Build.0 = Debug|Any CPU
		{439801C5-A335-423A-843F-5F372360BDF6}.Debug|x64.ActiveCfg = Debug|Any CPU
		{439801C5-A335-423A-843F-5F372360BDF6}.Debug|x64.Build.0 = Debug|Any CPU
		{439801C5-A335-423A-843F-5F372360BDF6}.Debug|x86.ActiveCfg = Debug|Any CPU
		{439801C5-A335-423A-843F-5F372360BDF6}.Debug|x86.Build.0 = Debug|Any CPU
		{439801C5-A335-423A-843F-5F372360BDF6}.Release|Any CPU.ActiveCfg = Release|Any CPU
		{439801C5-A335-423A-843F-5F372360BDF6}.Release|Any CPU.Build.0 = Release|Any CPU
		{439801C5-A335-423A-843F-5F372360BDF6}.Release|x64.ActiveCfg = Release|Any CPU
		{439801C5-A335-423A-843F-5F372360BDF6}.Release|x64.Build.0 = Release|Any CPU
		{439801C5-A335-423A-843F-5F372360BDF6}.Release|x86.ActiveCfg = Release|Any CPU
		{439801C5-A335-423A-843F-5F372360BDF6}.Release|x86.Build.0 = Release|Any CPU
		{92BFD819-6721-44A7-B347-F9E96051CE57}.Debug|Any CPU.ActiveCfg = Debug|Any CPU
		{92BFD819-6721-44A7-B347-F9E96051CE57}.Debug|Any CPU.Build.0 = Debug|Any CPU
		{92BFD819-6721-44A7-B347-F9E96051CE57}.Debug|x64.ActiveCfg = Debug|Any CPU
		{92BFD819-6721-44A7-B347-F9E96051CE57}.Debug|x64.Build.0 = Debug|Any CPU
		{92BFD819-6721-44A7-B347-F9E96051CE57}.Debug|x86.ActiveCfg = Debug|Any CPU
		{92BFD819-6721-44A7-B347-F9E96051CE57}.Debug|x86.Build.0 = Debug|Any CPU
		{92BFD819-6721-44A7-B347-F9E96051CE57}.Release|Any CPU.ActiveCfg = Release|Any CPU
		{92BFD819-6721-44A7-B347-F9E96051CE57}.Release|Any CPU.Build.0 = Release|Any CPU
		{92BFD819-6721-44A7-B347-F9E96051CE57}.Release|x64.ActiveCfg = Release|Any CPU
		{92BFD819-6721-44A7-B347-F9E96051CE57}.Release|x64.Build.0 = Release|Any CPU
		{92BFD819-6721-44A7-B347-F9E96051CE57}.Release|x86.ActiveCfg = Release|Any CPU
		{92BFD819-6721-44A7-B347-F9E96051CE57}.Release|x86.Build.0 = Release|Any CPU
		{FC97C4E6-6644-4CAE-897D-AB7A02C03A58}.Debug|Any CPU.ActiveCfg = Debug|Any CPU
		{FC97C4E6-6644-4CAE-897D-AB7A02C03A58}.Debug|Any CPU.Build.0 = Debug|Any CPU
		{FC97C4E6-6644-4CAE-897D-AB7A02C03A58}.Debug|x64.ActiveCfg = Debug|Any CPU
		{FC97C4E6-6644-4CAE-897D-AB7A02C03A58}.Debug|x64.Build.0 = Debug|Any CPU
		{FC97C4E6-6644-4CAE-897D-AB7A02C03A58}.Debug|x86.ActiveCfg = Debug|Any CPU
		{FC97C4E6-6644-4CAE-897D-AB7A02C03A58}.Debug|x86.Build.0 = Debug|Any CPU
		{FC97C4E6-6644-4CAE-897D-AB7A02C03A58}.Release|Any CPU.ActiveCfg = Release|Any CPU
		{FC97C4E6-6644-4CAE-897D-AB7A02C03A58}.Release|Any CPU.Build.0 = Release|Any CPU
		{FC97C4E6-6644-4CAE-897D-AB7A02C03A58}.Release|x64.ActiveCfg = Release|Any CPU
		{FC97C4E6-6644-4CAE-897D-AB7A02C03A58}.Release|x64.Build.0 = Release|Any CPU
		{FC97C4E6-6644-4CAE-897D-AB7A02C03A58}.Release|x86.ActiveCfg = Release|Any CPU
		{FC97C4E6-6644-4CAE-897D-AB7A02C03A58}.Release|x86.Build.0 = Release|Any CPU
	EndGlobalSection
	GlobalSection(SolutionProperties) = preSolution
		HideSolutionNode = FALSE
	EndGlobalSection
	GlobalSection(NestedProjects) = preSolution
		{D233D728-3D2A-60BC-55B5-73BC1F83A617} = {02EA681E-C7D8-13C7-8484-4AC65E1B71E8}
		{E2FE36E9-4078-1825-1CFD-7503B8EBA461} = {02EA681E-C7D8-13C7-8484-4AC65E1B71E8}
		{79CC33AA-50EF-163B-228E-EA5F5773AE93} = {D52AF77B-723B-43C6-911E-05DB4387462A}
		{08F1E77A-DC0B-4764-B90C-91074F39B6F5} = {D52AF77B-723B-43C6-911E-05DB4387462A}
		{D153F985-C291-4298-A868-ADCA3ACB0DBC} = {08F1E77A-DC0B-4764-B90C-91074F39B6F5}
		{12989D0D-8339-4B3F-992B-68961AD1F139} = {08F1E77A-DC0B-4764-B90C-91074F39B6F5}
		{F4E87C2A-1C34-4410-B8E0-1BCB744B184A} = {08F1E77A-DC0B-4764-B90C-91074F39B6F5}
		{236AAE8C-2EF4-4DFC-AA42-1905103510C7} = {79CC33AA-50EF-163B-228E-EA5F5773AE93}
		{439801C5-A335-423A-843F-5F372360BDF6} = {79CC33AA-50EF-163B-228E-EA5F5773AE93}
		{92BFD819-6721-44A7-B347-F9E96051CE57} = {79CC33AA-50EF-163B-228E-EA5F5773AE93}
		{FC97C4E6-6644-4CAE-897D-AB7A02C03A58} = {79CC33AA-50EF-163B-228E-EA5F5773AE93}
	EndGlobalSection
	GlobalSection(ExtensibilityGlobals) = postSolution
		SolutionGuid = {D6B93BAE-85C1-4545-A2FE-51E7BD4362FC}
	EndGlobalSection
EndGlobal
